
Microsoft Visual Studio Solution File, Format Version 12.00
# Visual Studio Version 17
VisualStudioVersion = 17.9.34728.123
MinimumVisualStudioVersion = 10.0.40219.1
Project("{FAE04EC0-301F-11D3-BF4B-00C04F79EFBC}") = "BlazorBackOfficeCamilla", "BlazorBackOfficeCamilla\BlazorBackOfficeCamilla\BlazorBackOfficeCamilla.csproj", "{C8C59CE3-9B86-4692-9B8B-523F6451CFBB}"
EndProject
Project("{FAE04EC0-301F-11D3-BF4B-00C04F79EFBC}") = "BlazorBackOfficeCamilla.Client", "BlazorBackOfficeCamilla\BlazorBackOfficeCamilla.Client\BlazorBackOfficeCamilla.Client.csproj", "{DDE2D9EF-E79E-49F8-8330-97747C0E567A}"
EndProject
Global
	GlobalSection(SolutionConfigurationPlatforms) = preSolution
		Debug|Any CPU = Debug|Any CPU
		Release|Any CPU = Release|Any CPU
	EndGlobalSection
	GlobalSection(ProjectConfigurationPlatforms) = postSolution
		{C8C59CE3-9B86-4692-9B8B-523F6451CFBB}.Debug|Any CPU.ActiveCfg = Debug|Any CPU
		{C8C59CE3-9B86-4692-9B8B-523F6451CFBB}.Debug|Any CPU.Build.0 = Debug|Any CPU
		{C8C59CE3-9B86-4692-9B8B-523F6451CFBB}.Release|Any CPU.ActiveCfg = Release|Any CPU
		{C8C59CE3-9B86-4692-9B8B-523F6451CFBB}.Release|Any CPU.Build.0 = Release|Any CPU
		{DDE2D9EF-E79E-49F8-8330-97747C0E567A}.Debug|Any CPU.ActiveCfg = Debug|Any CPU
		{DDE2D9EF-E79E-49F8-8330-97747C0E567A}.Debug|Any CPU.Build.0 = Debug|Any CPU
		{DDE2D9EF-E79E-49F8-8330-97747C0E567A}.Release|Any CPU.ActiveCfg = Release|Any CPU
		{DDE2D9EF-E79E-49F8-8330-97747C0E567A}.Release|Any CPU.Build.0 = Release|Any CPU
	EndGlobalSection
	GlobalSection(SolutionProperties) = preSolution
		HideSolutionNode = FALSE
	EndGlobalSection
	GlobalSection(ExtensibilityGlobals) = postSolution
		SolutionGuid = {17CD9071-BB3B-42B5-87C3-F1D06F55C5B6}
	EndGlobalSection
EndGlobal
